// !$*UTF8*$!
{
	archiveVersion = 1;
	classes = {
	};
	objectVersion = 51;
	objects = {

/* Begin PBXBuildFile section */
		454156BFDE022197D18A0C62 /* Pods_COVID19_Tracer.framework in Frameworks */ = {isa = PBXBuildFile; fileRef = 3CEDA49D5150635955AA7D1B /* Pods_COVID19_Tracer.framework */; };
		6200CDC42510E5D5002DD5FF /* AppDelegate.swift in Sources */ = {isa = PBXBuildFile; fileRef = 6200CDC32510E5D5002DD5FF /* AppDelegate.swift */; };
		6200CDC62510E5D5002DD5FF /* SceneDelegate.swift in Sources */ = {isa = PBXBuildFile; fileRef = 6200CDC52510E5D5002DD5FF /* SceneDelegate.swift */; };
		6200CDC82510E5D5002DD5FF /* HomeViewController.swift in Sources */ = {isa = PBXBuildFile; fileRef = 6200CDC72510E5D5002DD5FF /* HomeViewController.swift */; };
		6200CDCA2510E5D5002DD5FF /* UpdateViewController.swift in Sources */ = {isa = PBXBuildFile; fileRef = 6200CDC92510E5D5002DD5FF /* UpdateViewController.swift */; };
		6200CDCD2510E5D5002DD5FF /* Main.storyboard in Resources */ = {isa = PBXBuildFile; fileRef = 6200CDCB2510E5D5002DD5FF /* Main.storyboard */; };
		6200CDD02510E5D5002DD5FF /* COVID19_Tracer.xcdatamodeld in Sources */ = {isa = PBXBuildFile; fileRef = 6200CDCE2510E5D5002DD5FF /* COVID19_Tracer.xcdatamodeld */; };
		6200CDD22510E5E7002DD5FF /* Assets.xcassets in Resources */ = {isa = PBXBuildFile; fileRef = 6200CDD12510E5E7002DD5FF /* Assets.xcassets */; };
		6200CDD52510E5E7002DD5FF /* LaunchScreen.storyboard in Resources */ = {isa = PBXBuildFile; fileRef = 6200CDD32510E5E7002DD5FF /* LaunchScreen.storyboard */; };
		6200CDE02510E5E8002DD5FF /* COVID19_TracerTests.swift in Sources */ = {isa = PBXBuildFile; fileRef = 6200CDDF2510E5E8002DD5FF /* COVID19_TracerTests.swift */; };
		6200CDEB2510E5E8002DD5FF /* COVID19_TracerUITests.swift in Sources */ = {isa = PBXBuildFile; fileRef = 6200CDEA2510E5E8002DD5FF /* COVID19_TracerUITests.swift */; };
		6200CDF92510E7B7002DD5FF /* SettingsViewController.swift in Sources */ = {isa = PBXBuildFile; fileRef = 6200CDF82510E7B7002DD5FF /* SettingsViewController.swift */; };
		6264A2D025126B7B004F4CF5 /* LoginViewController.swift in Sources */ = {isa = PBXBuildFile; fileRef = 6264A2CF25126B7B004F4CF5 /* LoginViewController.swift */; };
		6264A2D22512A0E5004F4CF5 /* GoogleService-Info.plist in Resources */ = {isa = PBXBuildFile; fileRef = 6264A2D12512A0E4004F4CF5 /* GoogleService-Info.plist */; };
		C3626080BA4890A2D08F0377 /* Pods_COVID19_Tracer_COVID19_TracerUITests.framework in Frameworks */ = {isa = PBXBuildFile; fileRef = 45633AA3213602736A409852 /* Pods_COVID19_Tracer_COVID19_TracerUITests.framework */; };
		D7DF78CE4E52ED6ACFC9C503 /* Pods_COVID19_TracerTests.framework in Frameworks */ = {isa = PBXBuildFile; fileRef = 5135DD6275D28B7022DA3664 /* Pods_COVID19_TracerTests.framework */; };
/* End PBXBuildFile section */

/* Begin PBXContainerItemProxy section */
		6200CDDC2510E5E8002DD5FF /* PBXContainerItemProxy */ = {
			isa = PBXContainerItemProxy;
			containerPortal = 6200CDB82510E5D5002DD5FF /* Project object */;
			proxyType = 1;
			remoteGlobalIDString = 6200CDBF2510E5D5002DD5FF;
			remoteInfo = "COVID19-Tracer";
		};
		6200CDE72510E5E8002DD5FF /* PBXContainerItemProxy */ = {
			isa = PBXContainerItemProxy;
			containerPortal = 6200CDB82510E5D5002DD5FF /* Project object */;
			proxyType = 1;
			remoteGlobalIDString = 6200CDBF2510E5D5002DD5FF;
			remoteInfo = "COVID19-Tracer";
		};
/* End PBXContainerItemProxy section */

/* Begin PBXFileReference section */
		11653DE0A6B48926DC257009 /* Pods-COVID19-Tracer.release.xcconfig */ = {isa = PBXFileReference; includeInIndex = 1; lastKnownFileType = text.xcconfig; name = "Pods-COVID19-Tracer.release.xcconfig"; path = "Target Support Files/Pods-COVID19-Tracer/Pods-COVID19-Tracer.release.xcconfig"; sourceTree = "<group>"; };
		3CEDA49D5150635955AA7D1B /* Pods_COVID19_Tracer.framework */ = {isa = PBXFileReference; explicitFileType = wrapper.framework; includeInIndex = 0; path = Pods_COVID19_Tracer.framework; sourceTree = BUILT_PRODUCTS_DIR; };
		45633AA3213602736A409852 /* Pods_COVID19_Tracer_COVID19_TracerUITests.framework */ = {isa = PBXFileReference; explicitFileType = wrapper.framework; includeInIndex = 0; path = Pods_COVID19_Tracer_COVID19_TracerUITests.framework; sourceTree = BUILT_PRODUCTS_DIR; };
		4C6C1190FD11B7644C88D935 /* Pods-COVID19-Tracer-COVID19-TracerUITests.debug.xcconfig */ = {isa = PBXFileReference; includeInIndex = 1; lastKnownFileType = text.xcconfig; name = "Pods-COVID19-Tracer-COVID19-TracerUITests.debug.xcconfig"; path = "Target Support Files/Pods-COVID19-Tracer-COVID19-TracerUITests/Pods-COVID19-Tracer-COVID19-TracerUITests.debug.xcconfig"; sourceTree = "<group>"; };
		5135DD6275D28B7022DA3664 /* Pods_COVID19_TracerTests.framework */ = {isa = PBXFileReference; explicitFileType = wrapper.framework; includeInIndex = 0; path = Pods_COVID19_TracerTests.framework; sourceTree = BUILT_PRODUCTS_DIR; };
		6200CDC02510E5D5002DD5FF /* COVID19-Tracer.app */ = {isa = PBXFileReference; explicitFileType = wrapper.application; includeInIndex = 0; path = "COVID19-Tracer.app"; sourceTree = BUILT_PRODUCTS_DIR; };
		6200CDC32510E5D5002DD5FF /* AppDelegate.swift */ = {isa = PBXFileReference; lastKnownFileType = sourcecode.swift; path = AppDelegate.swift; sourceTree = "<group>"; };
		6200CDC52510E5D5002DD5FF /* SceneDelegate.swift */ = {isa = PBXFileReference; lastKnownFileType = sourcecode.swift; path = SceneDelegate.swift; sourceTree = "<group>"; };
		6200CDC72510E5D5002DD5FF /* HomeViewController.swift */ = {isa = PBXFileReference; lastKnownFileType = sourcecode.swift; path = HomeViewController.swift; sourceTree = "<group>"; };
		6200CDC92510E5D5002DD5FF /* UpdateViewController.swift */ = {isa = PBXFileReference; lastKnownFileType = sourcecode.swift; path = UpdateViewController.swift; sourceTree = "<group>"; };
		6200CDCC2510E5D5002DD5FF /* Base */ = {isa = PBXFileReference; lastKnownFileType = file.storyboard; name = Base; path = Base.lproj/Main.storyboard; sourceTree = "<group>"; };
		6200CDCF2510E5D5002DD5FF /* COVID19_Tracer.xcdatamodel */ = {isa = PBXFileReference; lastKnownFileType = wrapper.xcdatamodel; path = COVID19_Tracer.xcdatamodel; sourceTree = "<group>"; };
		6200CDD12510E5E7002DD5FF /* Assets.xcassets */ = {isa = PBXFileReference; lastKnownFileType = folder.assetcatalog; path = Assets.xcassets; sourceTree = "<group>"; };
		6200CDD42510E5E7002DD5FF /* Base */ = {isa = PBXFileReference; lastKnownFileType = file.storyboard; name = Base; path = Base.lproj/LaunchScreen.storyboard; sourceTree = "<group>"; };
		6200CDD62510E5E7002DD5FF /* Info.plist */ = {isa = PBXFileReference; lastKnownFileType = text.plist.xml; path = Info.plist; sourceTree = "<group>"; };
		6200CDDB2510E5E8002DD5FF /* COVID19-TracerTests.xctest */ = {isa = PBXFileReference; explicitFileType = wrapper.cfbundle; includeInIndex = 0; path = "COVID19-TracerTests.xctest"; sourceTree = BUILT_PRODUCTS_DIR; };
		6200CDDF2510E5E8002DD5FF /* COVID19_TracerTests.swift */ = {isa = PBXFileReference; lastKnownFileType = sourcecode.swift; path = COVID19_TracerTests.swift; sourceTree = "<group>"; };
		6200CDE12510E5E8002DD5FF /* Info.plist */ = {isa = PBXFileReference; lastKnownFileType = text.plist.xml; path = Info.plist; sourceTree = "<group>"; };
		6200CDE62510E5E8002DD5FF /* COVID19-TracerUITests.xctest */ = {isa = PBXFileReference; explicitFileType = wrapper.cfbundle; includeInIndex = 0; path = "COVID19-TracerUITests.xctest"; sourceTree = BUILT_PRODUCTS_DIR; };
		6200CDEA2510E5E8002DD5FF /* COVID19_TracerUITests.swift */ = {isa = PBXFileReference; lastKnownFileType = sourcecode.swift; path = COVID19_TracerUITests.swift; sourceTree = "<group>"; };
		6200CDEC2510E5E8002DD5FF /* Info.plist */ = {isa = PBXFileReference; lastKnownFileType = text.plist.xml; path = Info.plist; sourceTree = "<group>"; };
		6200CDF82510E7B7002DD5FF /* SettingsViewController.swift */ = {isa = PBXFileReference; lastKnownFileType = sourcecode.swift; path = SettingsViewController.swift; sourceTree = "<group>"; };
		6264A2CF25126B7B004F4CF5 /* LoginViewController.swift */ = {isa = PBXFileReference; lastKnownFileType = sourcecode.swift; path = LoginViewController.swift; sourceTree = "<group>"; };
		6264A2D12512A0E4004F4CF5 /* GoogleService-Info.plist */ = {isa = PBXFileReference; fileEncoding = 4; lastKnownFileType = text.plist.xml; name = "GoogleService-Info.plist"; path = "../../../../../Downloads/GoogleService-Info.plist"; sourceTree = "<group>"; };
		A46994A4F29C7B7F62B40AC4 /* Pods-COVID19-TracerTests.release.xcconfig */ = {isa = PBXFileReference; includeInIndex = 1; lastKnownFileType = text.xcconfig; name = "Pods-COVID19-TracerTests.release.xcconfig"; path = "Target Support Files/Pods-COVID19-TracerTests/Pods-COVID19-TracerTests.release.xcconfig"; sourceTree = "<group>"; };
		A8CEFDBA5C420BEB14141FE3 /* Pods-COVID19-Tracer.debug.xcconfig */ = {isa = PBXFileReference; includeInIndex = 1; lastKnownFileType = text.xcconfig; name = "Pods-COVID19-Tracer.debug.xcconfig"; path = "Target Support Files/Pods-COVID19-Tracer/Pods-COVID19-Tracer.debug.xcconfig"; sourceTree = "<group>"; };
		C9795B38E046765965D19422 /* Pods-COVID19-TracerTests.debug.xcconfig */ = {isa = PBXFileReference; includeInIndex = 1; lastKnownFileType = text.xcconfig; name = "Pods-COVID19-TracerTests.debug.xcconfig"; path = "Target Support Files/Pods-COVID19-TracerTests/Pods-COVID19-TracerTests.debug.xcconfig"; sourceTree = "<group>"; };
		CC4D9B493CA51392BB46897A /* Pods-COVID19-Tracer-COVID19-TracerUITests.release.xcconfig */ = {isa = PBXFileReference; includeInIndex = 1; lastKnownFileType = text.xcconfig; name = "Pods-COVID19-Tracer-COVID19-TracerUITests.release.xcconfig"; path = "Target Support Files/Pods-COVID19-Tracer-COVID19-TracerUITests/Pods-COVID19-Tracer-COVID19-TracerUITests.release.xcconfig"; sourceTree = "<group>"; };
/* End PBXFileReference section */

/* Begin PBXFrameworksBuildPhase section */
		6200CDBD2510E5D5002DD5FF /* Frameworks */ = {
			isa = PBXFrameworksBuildPhase;
			buildActionMask = 2147483647;
			files = (
				454156BFDE022197D18A0C62 /* Pods_COVID19_Tracer.framework in Frameworks */,
			);
			runOnlyForDeploymentPostprocessing = 0;
		};
		6200CDD82510E5E8002DD5FF /* Frameworks */ = {
			isa = PBXFrameworksBuildPhase;
			buildActionMask = 2147483647;
			files = (
				D7DF78CE4E52ED6ACFC9C503 /* Pods_COVID19_TracerTests.framework in Frameworks */,
			);
			runOnlyForDeploymentPostprocessing = 0;
		};
		6200CDE32510E5E8002DD5FF /* Frameworks */ = {
			isa = PBXFrameworksBuildPhase;
			buildActionMask = 2147483647;
			files = (
				C3626080BA4890A2D08F0377 /* Pods_COVID19_Tracer_COVID19_TracerUITests.framework in Frameworks */,
			);
			runOnlyForDeploymentPostprocessing = 0;
		};
/* End PBXFrameworksBuildPhase section */

/* Begin PBXGroup section */
		377BDDD53AF6BD4ACADE4638 /* Frameworks */ = {
			isa = PBXGroup;
			children = (
				3CEDA49D5150635955AA7D1B /* Pods_COVID19_Tracer.framework */,
				45633AA3213602736A409852 /* Pods_COVID19_Tracer_COVID19_TracerUITests.framework */,
				5135DD6275D28B7022DA3664 /* Pods_COVID19_TracerTests.framework */,
			);
			name = Frameworks;
			sourceTree = "<group>";
		};
		6200CDB72510E5D5002DD5FF = {
			isa = PBXGroup;
			children = (
				6200CDC22510E5D5002DD5FF /* COVID19-Tracer */,
				6200CDDE2510E5E8002DD5FF /* COVID19-TracerTests */,
				6200CDE92510E5E8002DD5FF /* COVID19-TracerUITests */,
				6200CDC12510E5D5002DD5FF /* Products */,
				CEA318319B4D99EE497A19AF /* Pods */,
				377BDDD53AF6BD4ACADE4638 /* Frameworks */,
			);
			sourceTree = "<group>";
		};
		6200CDC12510E5D5002DD5FF /* Products */ = {
			isa = PBXGroup;
			children = (
				6200CDC02510E5D5002DD5FF /* COVID19-Tracer.app */,
				6200CDDB2510E5E8002DD5FF /* COVID19-TracerTests.xctest */,
				6200CDE62510E5E8002DD5FF /* COVID19-TracerUITests.xctest */,
			);
			name = Products;
			sourceTree = "<group>";
		};
		6200CDC22510E5D5002DD5FF /* COVID19-Tracer */ = {
			isa = PBXGroup;
			children = (
				6200CDFE2510E7FD002DD5FF /* Model */,
				6200CDFD2510E7F5002DD5FF /* View */,
				6200CDFC2510E7ED002DD5FF /* Service */,
				6200CDFB2510E7E6002DD5FF /* Utils */,
				6200CDFA2510E7DD002DD5FF /* Controller */,
				6200CDC32510E5D5002DD5FF /* AppDelegate.swift */,
				6200CDC52510E5D5002DD5FF /* SceneDelegate.swift */,
				6200CDCB2510E5D5002DD5FF /* Main.storyboard */,
				6200CDD12510E5E7002DD5FF /* Assets.xcassets */,
				6200CDD32510E5E7002DD5FF /* LaunchScreen.storyboard */,
				6264A2D12512A0E4004F4CF5 /* GoogleService-Info.plist */,
				6200CDD62510E5E7002DD5FF /* Info.plist */,
				6200CDCE2510E5D5002DD5FF /* COVID19_Tracer.xcdatamodeld */,
			);
			path = "COVID19-Tracer";
			sourceTree = "<group>";
		};
		6200CDDE2510E5E8002DD5FF /* COVID19-TracerTests */ = {
			isa = PBXGroup;
			children = (
				6200CDDF2510E5E8002DD5FF /* COVID19_TracerTests.swift */,
				6200CDE12510E5E8002DD5FF /* Info.plist */,
			);
			path = "COVID19-TracerTests";
			sourceTree = "<group>";
		};
		6200CDE92510E5E8002DD5FF /* COVID19-TracerUITests */ = {
			isa = PBXGroup;
			children = (
				6200CDEA2510E5E8002DD5FF /* COVID19_TracerUITests.swift */,
				6200CDEC2510E5E8002DD5FF /* Info.plist */,
			);
			path = "COVID19-TracerUITests";
			sourceTree = "<group>";
		};
		6200CDFA2510E7DD002DD5FF /* Controller */ = {
			isa = PBXGroup;
			children = (
			);
			path = Controller;
			sourceTree = "<group>";
		};
		6200CDFB2510E7E6002DD5FF /* Utils */ = {
			isa = PBXGroup;
			children = (
			);
			path = Utils;
			sourceTree = "<group>";
		};
		6200CDFC2510E7ED002DD5FF /* Service */ = {
			isa = PBXGroup;
			children = (
			);
			path = Service;
			sourceTree = "<group>";
		};
		6200CDFD2510E7F5002DD5FF /* View */ = {
			isa = PBXGroup;
			children = (
				6200CDF82510E7B7002DD5FF /* SettingsViewController.swift */,
				6200CDC92510E5D5002DD5FF /* UpdateViewController.swift */,
				6200CDC72510E5D5002DD5FF /* HomeViewController.swift */,
				6264A2CF25126B7B004F4CF5 /* LoginViewController.swift */,
			);
			path = View;
			sourceTree = "<group>";
		};
		6200CDFE2510E7FD002DD5FF /* Model */ = {
			isa = PBXGroup;
			children = (
			);
			path = Model;
			sourceTree = "<group>";
		};
		CEA318319B4D99EE497A19AF /* Pods */ = {
			isa = PBXGroup;
			children = (
				A8CEFDBA5C420BEB14141FE3 /* Pods-COVID19-Tracer.debug.xcconfig */,
				11653DE0A6B48926DC257009 /* Pods-COVID19-Tracer.release.xcconfig */,
				4C6C1190FD11B7644C88D935 /* Pods-COVID19-Tracer-COVID19-TracerUITests.debug.xcconfig */,
				CC4D9B493CA51392BB46897A /* Pods-COVID19-Tracer-COVID19-TracerUITests.release.xcconfig */,
				C9795B38E046765965D19422 /* Pods-COVID19-TracerTests.debug.xcconfig */,
				A46994A4F29C7B7F62B40AC4 /* Pods-COVID19-TracerTests.release.xcconfig */,
			);
			path = Pods;
			sourceTree = "<group>";
		};
/* End PBXGroup section */

/* Begin PBXNativeTarget section */
		6200CDBF2510E5D5002DD5FF /* COVID19-Tracer */ = {
			isa = PBXNativeTarget;
			buildConfigurationList = 6200CDEF2510E5E8002DD5FF /* Build configuration list for PBXNativeTarget "COVID19-Tracer" */;
			buildPhases = (
				7A8C5A7F153761EADE1D204D /* [CP] Check Pods Manifest.lock */,
				6200CDBC2510E5D5002DD5FF /* Sources */,
				6200CDBD2510E5D5002DD5FF /* Frameworks */,
				6200CDBE2510E5D5002DD5FF /* Resources */,
				AFC18088AA95BC57C484A7DF /* [CP] Embed Pods Frameworks */,
			);
			buildRules = (
			);
			dependencies = (
			);
			name = "COVID19-Tracer";
			productName = "COVID19-Tracer";
			productReference = 6200CDC02510E5D5002DD5FF /* COVID19-Tracer.app */;
			productType = "com.apple.product-type.application";
		};
		6200CDDA2510E5E8002DD5FF /* COVID19-TracerTests */ = {
			isa = PBXNativeTarget;
			buildConfigurationList = 6200CDF22510E5E8002DD5FF /* Build configuration list for PBXNativeTarget "COVID19-TracerTests" */;
			buildPhases = (
				39F75A552CF742B9C3312B0F /* [CP] Check Pods Manifest.lock */,
				6200CDD72510E5E8002DD5FF /* Sources */,
				6200CDD82510E5E8002DD5FF /* Frameworks */,
				6200CDD92510E5E8002DD5FF /* Resources */,
			);
			buildRules = (
			);
			dependencies = (
				6200CDDD2510E5E8002DD5FF /* PBXTargetDependency */,
			);
			name = "COVID19-TracerTests";
			productName = "COVID19-TracerTests";
			productReference = 6200CDDB2510E5E8002DD5FF /* COVID19-TracerTests.xctest */;
			productType = "com.apple.product-type.bundle.unit-test";
		};
		6200CDE52510E5E8002DD5FF /* COVID19-TracerUITests */ = {
			isa = PBXNativeTarget;
			buildConfigurationList = 6200CDF52510E5E8002DD5FF /* Build configuration list for PBXNativeTarget "COVID19-TracerUITests" */;
			buildPhases = (
				CB0A33B5AE38823575A9CAAC /* [CP] Check Pods Manifest.lock */,
				6200CDE22510E5E8002DD5FF /* Sources */,
				6200CDE32510E5E8002DD5FF /* Frameworks */,
				6200CDE42510E5E8002DD5FF /* Resources */,
				B966D0BFE67C4723091281F5 /* [CP] Embed Pods Frameworks */,
			);
			buildRules = (
			);
			dependencies = (
				6200CDE82510E5E8002DD5FF /* PBXTargetDependency */,
			);
			name = "COVID19-TracerUITests";
			productName = "COVID19-TracerUITests";
			productReference = 6200CDE62510E5E8002DD5FF /* COVID19-TracerUITests.xctest */;
			productType = "com.apple.product-type.bundle.ui-testing";
		};
/* End PBXNativeTarget section */

/* Begin PBXProject section */
		6200CDB82510E5D5002DD5FF /* Project object */ = {
			isa = PBXProject;
			attributes = {
				LastSwiftUpdateCheck = 1160;
				LastUpgradeCheck = 1160;
				ORGANIZATIONNAME = "Udara Ranatunga";
				TargetAttributes = {
					6200CDBF2510E5D5002DD5FF = {
						CreatedOnToolsVersion = 11.6;
					};
					6200CDDA2510E5E8002DD5FF = {
						CreatedOnToolsVersion = 11.6;
						TestTargetID = 6200CDBF2510E5D5002DD5FF;
					};
					6200CDE52510E5E8002DD5FF = {
						CreatedOnToolsVersion = 11.6;
						TestTargetID = 6200CDBF2510E5D5002DD5FF;
					};
				};
			};
			buildConfigurationList = 6200CDBB2510E5D5002DD5FF /* Build configuration list for PBXProject "COVID19-Tracer" */;
			compatibilityVersion = "Xcode 9.3";
			developmentRegion = en;
			hasScannedForEncodings = 0;
			knownRegions = (
				en,
				Base,
			);
			mainGroup = 6200CDB72510E5D5002DD5FF;
			productRefGroup = 6200CDC12510E5D5002DD5FF /* Products */;
			projectDirPath = "";
			projectRoot = "";
			targets = (
				6200CDBF2510E5D5002DD5FF /* COVID19-Tracer */,
				6200CDDA2510E5E8002DD5FF /* COVID19-TracerTests */,
				6200CDE52510E5E8002DD5FF /* COVID19-TracerUITests */,
			);
		};
/* End PBXProject section */

/* Begin PBXResourcesBuildPhase section */
		6200CDBE2510E5D5002DD5FF /* Resources */ = {
			isa = PBXResourcesBuildPhase;
			buildActionMask = 2147483647;
			files = (
				6200CDD52510E5E7002DD5FF /* LaunchScreen.storyboard in Resources */,
				6264A2D22512A0E5004F4CF5 /* GoogleService-Info.plist in Resources */,
				6200CDD22510E5E7002DD5FF /* Assets.xcassets in Resources */,
				6200CDCD2510E5D5002DD5FF /* Main.storyboard in Resources */,
			);
			runOnlyForDeploymentPostprocessing = 0;
		};
		6200CDD92510E5E8002DD5FF /* Resources */ = {
			isa = PBXResourcesBuildPhase;
			buildActionMask = 2147483647;
			files = (
			);
			runOnlyForDeploymentPostprocessing = 0;
		};
		6200CDE42510E5E8002DD5FF /* Resources */ = {
			isa = PBXResourcesBuildPhase;
			buildActionMask = 2147483647;
			files = (
			);
			runOnlyForDeploymentPostprocessing = 0;
		};
/* End PBXResourcesBuildPhase section */

/* Begin PBXShellScriptBuildPhase section */
		39F75A552CF742B9C3312B0F /* [CP] Check Pods Manifest.lock */ = {
			isa = PBXShellScriptBuildPhase;
			buildActionMask = 2147483647;
			files = (
			);
			inputFileListPaths = (
			);
			inputPaths = (
				"${PODS_PODFILE_DIR_PATH}/Podfile.lock",
				"${PODS_ROOT}/Manifest.lock",
			);
			name = "[CP] Check Pods Manifest.lock";
			outputFileListPaths = (
			);
			outputPaths = (
				"$(DERIVED_FILE_DIR)/Pods-COVID19-TracerTests-checkManifestLockResult.txt",
			);
			runOnlyForDeploymentPostprocessing = 0;
			shellPath = /bin/sh;
			shellScript = "diff \"${PODS_PODFILE_DIR_PATH}/Podfile.lock\" \"${PODS_ROOT}/Manifest.lock\" > /dev/null\nif [ $? != 0 ] ; then\n    # print error to STDERR\n    echo \"error: The sandbox is not in sync with the Podfile.lock. Run 'pod install' or update your CocoaPods installation.\" >&2\n    exit 1\nfi\n# This output is used by Xcode 'outputs' to avoid re-running this script phase.\necho \"SUCCESS\" > \"${SCRIPT_OUTPUT_FILE_0}\"\n";
			showEnvVarsInLog = 0;
		};
		7A8C5A7F153761EADE1D204D /* [CP] Check Pods Manifest.lock */ = {
			isa = PBXShellScriptBuildPhase;
			buildActionMask = 2147483647;
			files = (
			);
			inputFileListPaths = (
			);
			inputPaths = (
				"${PODS_PODFILE_DIR_PATH}/Podfile.lock",
				"${PODS_ROOT}/Manifest.lock",
			);
			name = "[CP] Check Pods Manifest.lock";
			outputFileListPaths = (
			);
			outputPaths = (
				"$(DERIVED_FILE_DIR)/Pods-COVID19-Tracer-checkManifestLockResult.txt",
			);
			runOnlyForDeploymentPostprocessing = 0;
			shellPath = /bin/sh;
			shellScript = "diff \"${PODS_PODFILE_DIR_PATH}/Podfile.lock\" \"${PODS_ROOT}/Manifest.lock\" > /dev/null\nif [ $? != 0 ] ; then\n    # print error to STDERR\n    echo \"error: The sandbox is not in sync with the Podfile.lock. Run 'pod install' or update your CocoaPods installation.\" >&2\n    exit 1\nfi\n# This output is used by Xcode 'outputs' to avoid re-running this script phase.\necho \"SUCCESS\" > \"${SCRIPT_OUTPUT_FILE_0}\"\n";
			showEnvVarsInLog = 0;
		};
		AFC18088AA95BC57C484A7DF /* [CP] Embed Pods Frameworks */ = {
			isa = PBXShellScriptBuildPhase;
			buildActionMask = 2147483647;
			files = (
			);
			inputFileListPaths = (
				"${PODS_ROOT}/Target Support Files/Pods-COVID19-Tracer/Pods-COVID19-Tracer-frameworks-${CONFIGURATION}-input-files.xcfilelist",
			);
			name = "[CP] Embed Pods Frameworks";
			outputFileListPaths = (
				"${PODS_ROOT}/Target Support Files/Pods-COVID19-Tracer/Pods-COVID19-Tracer-frameworks-${CONFIGURATION}-output-files.xcfilelist",
			);
			runOnlyForDeploymentPostprocessing = 0;
			shellPath = /bin/sh;
			shellScript = "\"${PODS_ROOT}/Target Support Files/Pods-COVID19-Tracer/Pods-COVID19-Tracer-frameworks.sh\"\n";
			showEnvVarsInLog = 0;
		};
		B966D0BFE67C4723091281F5 /* [CP] Embed Pods Frameworks */ = {
			isa = PBXShellScriptBuildPhase;
			buildActionMask = 2147483647;
			files = (
			);
			inputFileListPaths = (
				"${PODS_ROOT}/Target Support Files/Pods-COVID19-Tracer-COVID19-TracerUITests/Pods-COVID19-Tracer-COVID19-TracerUITests-frameworks-${CONFIGURATION}-input-files.xcfilelist",
			);
			name = "[CP] Embed Pods Frameworks";
			outputFileListPaths = (
				"${PODS_ROOT}/Target Support Files/Pods-COVID19-Tracer-COVID19-TracerUITests/Pods-COVID19-Tracer-COVID19-TracerUITests-frameworks-${CONFIGURATION}-output-files.xcfilelist",
			);
			runOnlyForDeploymentPostprocessing = 0;
			shellPath = /bin/sh;
			shellScript = "\"${PODS_ROOT}/Target Support Files/Pods-COVID19-Tracer-COVID19-TracerUITests/Pods-COVID19-Tracer-COVID19-TracerUITests-frameworks.sh\"\n";
			showEnvVarsInLog = 0;
		};
		CB0A33B5AE38823575A9CAAC /* [CP] Check Pods Manifest.lock */ = {
			isa = PBXShellScriptBuildPhase;
			buildActionMask = 2147483647;
			files = (
			);
			inputFileListPaths = (
			);
			inputPaths = (
				"${PODS_PODFILE_DIR_PATH}/Podfile.lock",
				"${PODS_ROOT}/Manifest.lock",
			);
			name = "[CP] Check Pods Manifest.lock";
			outputFileListPaths = (
			);
			outputPaths = (
				"$(DERIVED_FILE_DIR)/Pods-COVID19-Tracer-COVID19-TracerUITests-checkManifestLockResult.txt",
			);
			runOnlyForDeploymentPostprocessing = 0;
			shellPath = /bin/sh;
			shellScript = "diff \"${PODS_PODFILE_DIR_PATH}/Podfile.lock\" \"${PODS_ROOT}/Manifest.lock\" > /dev/null\nif [ $? != 0 ] ; then\n    # print error to STDERR\n    echo \"error: The sandbox is not in sync with the Podfile.lock. Run 'pod install' or update your CocoaPods installation.\" >&2\n    exit 1\nfi\n# This output is used by Xcode 'outputs' to avoid re-running this script phase.\necho \"SUCCESS\" > \"${SCRIPT_OUTPUT_FILE_0}\"\n";
			showEnvVarsInLog = 0;
		};
/* End PBXShellScriptBuildPhase section */

/* Begin PBXSourcesBuildPhase section */
		6200CDBC2510E5D5002DD5FF /* Sources */ = {
			isa = PBXSourcesBuildPhase;
			buildActionMask = 2147483647;
			files = (
				6264A2D025126B7B004F4CF5 /* LoginViewController.swift in Sources */,
				6200CDCA2510E5D5002DD5FF /* UpdateViewController.swift in Sources */,
				6200CDD02510E5D5002DD5FF /* COVID19_Tracer.xcdatamodeld in Sources */,
				6200CDC82510E5D5002DD5FF /* HomeViewController.swift in Sources */,
				6200CDC42510E5D5002DD5FF /* AppDelegate.swift in Sources */,
				6200CDC62510E5D5002DD5FF /* SceneDelegate.swift in Sources */,
				6200CDF92510E7B7002DD5FF /* SettingsViewController.swift in Sources */,
			);
			runOnlyForDeploymentPostprocessing = 0;
		};
		6200CDD72510E5E8002DD5FF /* Sources */ = {
			isa = PBXSourcesBuildPhase;
			buildActionMask = 2147483647;
			files = (
				6200CDE02510E5E8002DD5FF /* COVID19_TracerTests.swift in Sources */,
			);
			runOnlyForDeploymentPostprocessing = 0;
		};
		6200CDE22510E5E8002DD5FF /* Sources */ = {
			isa = PBXSourcesBuildPhase;
			buildActionMask = 2147483647;
			files = (
				6200CDEB2510E5E8002DD5FF /* COVID19_TracerUITests.swift in Sources */,
			);
			runOnlyForDeploymentPostprocessing = 0;
		};
/* End PBXSourcesBuildPhase section */

/* Begin PBXTargetDependency section */
		6200CDDD2510E5E8002DD5FF /* PBXTargetDependency */ = {
			isa = PBXTargetDependency;
			target = 6200CDBF2510E5D5002DD5FF /* COVID19-Tracer */;
			targetProxy = 6200CDDC2510E5E8002DD5FF /* PBXContainerItemProxy */;
		};
		6200CDE82510E5E8002DD5FF /* PBXTargetDependency */ = {
			isa = PBXTargetDependency;
			target = 6200CDBF2510E5D5002DD5FF /* COVID19-Tracer */;
			targetProxy = 6200CDE72510E5E8002DD5FF /* PBXContainerItemProxy */;
		};
/* End PBXTargetDependency section */

/* Begin PBXVariantGroup section */
		6200CDCB2510E5D5002DD5FF /* Main.storyboard */ = {
			isa = PBXVariantGroup;
			children = (
				6200CDCC2510E5D5002DD5FF /* Base */,
			);
			name = Main.storyboard;
			sourceTree = "<group>";
		};
		6200CDD32510E5E7002DD5FF /* LaunchScreen.storyboard */ = {
			isa = PBXVariantGroup;
			children = (
				6200CDD42510E5E7002DD5FF /* Base */,
			);
			name = LaunchScreen.storyboard;
			sourceTree = "<group>";
		};
/* End PBXVariantGroup section */

/* Begin XCBuildConfiguration section */
		6200CDED2510E5E8002DD5FF /* Debug */ = {
			isa = XCBuildConfiguration;
			buildSettings = {
				ALWAYS_SEARCH_USER_PATHS = NO;
				CLANG_ANALYZER_NONNULL = YES;
				CLANG_ANALYZER_NUMBER_OBJECT_CONVERSION = YES_AGGRESSIVE;
				CLANG_CXX_LANGUAGE_STANDARD = "gnu++14";
				CLANG_CXX_LIBRARY = "libc++";
				CLANG_ENABLE_MODULES = YES;
				CLANG_ENABLE_OBJC_ARC = YES;
				CLANG_ENABLE_OBJC_WEAK = YES;
				CLANG_WARN_BLOCK_CAPTURE_AUTORELEASING = YES;
				CLANG_WARN_BOOL_CONVERSION = YES;
				CLANG_WARN_COMMA = YES;
				CLANG_WARN_CONSTANT_CONVERSION = YES;
				CLANG_WARN_DEPRECATED_OBJC_IMPLEMENTATIONS = YES;
				CLANG_WARN_DIRECT_OBJC_ISA_USAGE = YES_ERROR;
				CLANG_WARN_DOCUMENTATION_COMMENTS = YES;
				CLANG_WARN_EMPTY_BODY = YES;
				CLANG_WARN_ENUM_CONVERSION = YES;
				CLANG_WARN_INFINITE_RECURSION = YES;
				CLANG_WARN_INT_CONVERSION = YES;
				CLANG_WARN_NON_LITERAL_NULL_CONVERSION = YES;
				CLANG_WARN_OBJC_IMPLICIT_RETAIN_SELF = YES;
				CLANG_WARN_OBJC_LITERAL_CONVERSION = YES;
				CLANG_WARN_OBJC_ROOT_CLASS = YES_ERROR;
				CLANG_WARN_RANGE_LOOP_ANALYSIS = YES;
				CLANG_WARN_STRICT_PROTOTYPES = YES;
				CLANG_WARN_SUSPICIOUS_MOVE = YES;
				CLANG_WARN_UNGUARDED_AVAILABILITY = YES_AGGRESSIVE;
				CLANG_WARN_UNREACHABLE_CODE = YES;
				CLANG_WARN__DUPLICATE_METHOD_MATCH = YES;
				COPY_PHASE_STRIP = NO;
				DEBUG_INFORMATION_FORMAT = dwarf;
				ENABLE_STRICT_OBJC_MSGSEND = YES;
				ENABLE_TESTABILITY = YES;
				GCC_C_LANGUAGE_STANDARD = gnu11;
				GCC_DYNAMIC_NO_PIC = NO;
				GCC_NO_COMMON_BLOCKS = YES;
				GCC_OPTIMIZATION_LEVEL = 0;
				GCC_PREPROCESSOR_DEFINITIONS = (
					"DEBUG=1",
					"$(inherited)",
				);
				GCC_WARN_64_TO_32_BIT_CONVERSION = YES;
				GCC_WARN_ABOUT_RETURN_TYPE = YES_ERROR;
				GCC_WARN_UNDECLARED_SELECTOR = YES;
				GCC_WARN_UNINITIALIZED_AUTOS = YES_AGGRESSIVE;
				GCC_WARN_UNUSED_FUNCTION = YES;
				GCC_WARN_UNUSED_VARIABLE = YES;
				IPHONEOS_DEPLOYMENT_TARGET = 13.6;
				MTL_ENABLE_DEBUG_INFO = INCLUDE_SOURCE;
				MTL_FAST_MATH = YES;
				ONLY_ACTIVE_ARCH = YES;
				SDKROOT = iphoneos;
				SWIFT_ACTIVE_COMPILATION_CONDITIONS = DEBUG;
				SWIFT_OPTIMIZATION_LEVEL = "-Onone";
			};
			name = Debug;
		};
		6200CDEE2510E5E8002DD5FF /* Release */ = {
			isa = XCBuildConfiguration;
			buildSettings = {
				ALWAYS_SEARCH_USER_PATHS = NO;
				CLANG_ANALYZER_NONNULL = YES;
				CLANG_ANALYZER_NUMBER_OBJECT_CONVERSION = YES_AGGRESSIVE;
				CLANG_CXX_LANGUAGE_STANDARD = "gnu++14";
				CLANG_CXX_LIBRARY = "libc++";
				CLANG_ENABLE_MODULES = YES;
				CLANG_ENABLE_OBJC_ARC = YES;
				CLANG_ENABLE_OBJC_WEAK = YES;
				CLANG_WARN_BLOCK_CAPTURE_AUTORELEASING = YES;
				CLANG_WARN_BOOL_CONVERSION = YES;
				CLANG_WARN_COMMA = YES;
				CLANG_WARN_CONSTANT_CONVERSION = YES;
				CLANG_WARN_DEPRECATED_OBJC_IMPLEMENTATIONS = YES;
				CLANG_WARN_DIRECT_OBJC_ISA_USAGE = YES_ERROR;
				CLANG_WARN_DOCUMENTATION_COMMENTS = YES;
				CLANG_WARN_EMPTY_BODY = YES;
				CLANG_WARN_ENUM_CONVERSION = YES;
				CLANG_WARN_INFINITE_RECURSION = YES;
				CLANG_WARN_INT_CONVERSION = YES;
				CLANG_WARN_NON_LITERAL_NULL_CONVERSION = YES;
				CLANG_WARN_OBJC_IMPLICIT_RETAIN_SELF = YES;
				CLANG_WARN_OBJC_LITERAL_CONVERSION = YES;
				CLANG_WARN_OBJC_ROOT_CLASS = YES_ERROR;
				CLANG_WARN_RANGE_LOOP_ANALYSIS = YES;
				CLANG_WARN_STRICT_PROTOTYPES = YES;
				CLANG_WARN_SUSPICIOUS_MOVE = YES;
				CLANG_WARN_UNGUARDED_AVAILABILITY = YES_AGGRESSIVE;
				CLANG_WARN_UNREACHABLE_CODE = YES;
				CLANG_WARN__DUPLICATE_METHOD_MATCH = YES;
				COPY_PHASE_STRIP = NO;
				DEBUG_INFORMATION_FORMAT = "dwarf-with-dsym";
				ENABLE_NS_ASSERTIONS = NO;
				ENABLE_STRICT_OBJC_MSGSEND = YES;
				GCC_C_LANGUAGE_STANDARD = gnu11;
				GCC_NO_COMMON_BLOCKS = YES;
				GCC_WARN_64_TO_32_BIT_CONVERSION = YES;
				GCC_WARN_ABOUT_RETURN_TYPE = YES_ERROR;
				GCC_WARN_UNDECLARED_SELECTOR = YES;
				GCC_WARN_UNINITIALIZED_AUTOS = YES_AGGRESSIVE;
				GCC_WARN_UNUSED_FUNCTION = YES;
				GCC_WARN_UNUSED_VARIABLE = YES;
				IPHONEOS_DEPLOYMENT_TARGET = 13.6;
				MTL_ENABLE_DEBUG_INFO = NO;
				MTL_FAST_MATH = YES;
				SDKROOT = iphoneos;
				SWIFT_COMPILATION_MODE = wholemodule;
				SWIFT_OPTIMIZATION_LEVEL = "-O";
				VALIDATE_PRODUCT = YES;
			};
			name = Release;
		};
		6200CDF02510E5E8002DD5FF /* Debug */ = {
			isa = XCBuildConfiguration;
			baseConfigurationReference = A8CEFDBA5C420BEB14141FE3 /* Pods-COVID19-Tracer.debug.xcconfig */;
			buildSettings = {
				ASSETCATALOG_COMPILER_APPICON_NAME = AppIcon;
				CODE_SIGN_STYLE = Automatic;
				DEVELOPMENT_TEAM = TSUMYSBQ24;
				INFOPLIST_FILE = "COVID19-Tracer/Info.plist";
				LD_RUNPATH_SEARCH_PATHS = (
					"$(inherited)",
					"@executable_path/Frameworks",
				);
				PRODUCT_BUNDLE_IDENTIFIER = "com.nibm.COVID19-Tracer";
				PRODUCT_NAME = "$(TARGET_NAME)";
				SWIFT_VERSION = 5.0;
				TARGETED_DEVICE_FAMILY = "1,2";
			};
			name = Debug;
		};
		6200CDF12510E5E8002DD5FF /* Release */ = {
			isa = XCBuildConfiguration;
			baseConfigurationReference = 11653DE0A6B48926DC257009 /* Pods-COVID19-Tracer.release.xcconfig */;
			buildSettings = {
				ASSETCATALOG_COMPILER_APPICON_NAME = AppIcon;
				CODE_SIGN_STYLE = Automatic;
				DEVELOPMENT_TEAM = TSUMYSBQ24;
				INFOPLIST_FILE = "COVID19-Tracer/Info.plist";
				LD_RUNPATH_SEARCH_PATHS = (
					"$(inherited)",
					"@executable_path/Frameworks",
				);
				PRODUCT_BUNDLE_IDENTIFIER = "com.nibm.COVID19-Tracer";
				PRODUCT_NAME = "$(TARGET_NAME)";
				SWIFT_VERSION = 5.0;
				TARGETED_DEVICE_FAMILY = "1,2";
			};
			name = Release;
		};
		6200CDF32510E5E8002DD5FF /* Debug */ = {
			isa = XCBuildConfiguration;
			baseConfigurationReference = C9795B38E046765965D19422 /* Pods-COVID19-TracerTests.debug.xcconfig */;
			buildSettings = {
				ALWAYS_EMBED_SWIFT_STANDARD_LIBRARIES = YES;
				BUNDLE_LOADER = "$(TEST_HOST)";
				CODE_SIGN_STYLE = Automatic;
				DEVELOPMENT_TEAM = TSUMYSBQ24;
				INFOPLIST_FILE = "COVID19-TracerTests/Info.plist";
				IPHONEOS_DEPLOYMENT_TARGET = 13.6;
				LD_RUNPATH_SEARCH_PATHS = (
					"$(inherited)",
					"@executable_path/Frameworks",
					"@loader_path/Frameworks",
				);
				PRODUCT_BUNDLE_IDENTIFIER = "com.nibm.COVID19-TracerTests";
				PRODUCT_NAME = "$(TARGET_NAME)";
				SWIFT_VERSION = 5.0;
				TARGETED_DEVICE_FAMILY = "1,2";
				TEST_HOST = "$(BUILT_PRODUCTS_DIR)/COVID19-Tracer.app/COVID19-Tracer";
			};
			name = Debug;
		};
		6200CDF42510E5E8002DD5FF /* Release */ = {
			isa = XCBuildConfiguration;
			baseConfigurationReference = A46994A4F29C7B7F62B40AC4 /* Pods-COVID19-TracerTests.release.xcconfig */;
			buildSettings = {
				ALWAYS_EMBED_SWIFT_STANDARD_LIBRARIES = YES;
				BUNDLE_LOADER = "$(TEST_HOST)";
				CODE_SIGN_STYLE = Automatic;
				DEVELOPMENT_TEAM = TSUMYSBQ24;
				INFOPLIST_FILE = "COVID19-TracerTests/Info.plist";
				IPHONEOS_DEPLOYMENT_TARGET = 13.6;
				LD_RUNPATH_SEARCH_PATHS = (
					"$(inherited)",
					"@executable_path/Frameworks",
					"@loader_path/Frameworks",
				);
				PRODUCT_BUNDLE_IDENTIFIER = "com.nibm.COVID19-TracerTests";
				PRODUCT_NAME = "$(TARGET_NAME)";
				SWIFT_VERSION = 5.0;
				TARGETED_DEVICE_FAMILY = "1,2";
				TEST_HOST = "$(BUILT_PRODUCTS_DIR)/COVID19-Tracer.app/COVID19-Tracer";
			};
			name = Release;
		};
		6200CDF62510E5E8002DD5FF /* Debug */ = {
			isa = XCBuildConfiguration;
			baseConfigurationReference = 4C6C1190FD11B7644C88D935 /* Pods-COVID19-Tracer-COVID19-TracerUITests.debug.xcconfig */;
			buildSettings = {
				ALWAYS_EMBED_SWIFT_STANDARD_LIBRARIES = YES;
				CODE_SIGN_STYLE = Automatic;
				DEVELOPMENT_TEAM = TSUMYSBQ24;
				INFOPLIST_FILE = "COVID19-TracerUITests/Info.plist";
				LD_RUNPATH_SEARCH_PATHS = (
					"$(inherited)",
					"@executable_path/Frameworks",
					"@loader_path/Frameworks",
				);
				PRODUCT_BUNDLE_IDENTIFIER = "com.nibm.COVID19-TracerUITests";
				PRODUCT_NAME = "$(TARGET_NAME)";
				SWIFT_VERSION = 5.0;
				TARGETED_DEVICE_FAMILY = "1,2";
				TEST_TARGET_NAME = "COVID19-Tracer";
			};
			name = Debug;
		};
		6200CDF72510E5E8002DD5FF /* Release */ = {
			isa = XCBuildConfiguration;
			baseConfigurationReference = CC4D9B493CA51392BB46897A /* Pods-COVID19-Tracer-COVID19-TracerUITests.release.xcconfig */;
			buildSettings = {
				ALWAYS_EMBED_SWIFT_STANDARD_LIBRARIES = YES;
				CODE_SIGN_STYLE = Automatic;
				DEVELOPMENT_TEAM = TSUMYSBQ24;
				INFOPLIST_FILE = "COVID19-TracerUITests/Info.plist";
				LD_RUNPATH_SEARCH_PATHS = (
					"$(inherited)",
					"@executable_path/Frameworks",
					"@loader_path/Frameworks",
				);
				PRODUCT_BUNDLE_IDENTIFIER = "com.nibm.COVID19-TracerUITests";
				PRODUCT_NAME = "$(TARGET_NAME)";
				SWIFT_VERSION = 5.0;
				TARGETED_DEVICE_FAMILY = "1,2";
				TEST_TARGET_NAME = "COVID19-Tracer";
			};
			name = Release;
		};
/* End XCBuildConfiguration section */

/* Begin XCConfigurationList section */
		6200CDBB2510E5D5002DD5FF /* Build configuration list for PBXProject "COVID19-Tracer" */ = {
			isa = XCConfigurationList;
			buildConfigurations = (
				6200CDED2510E5E8002DD5FF /* Debug */,
				6200CDEE2510E5E8002DD5FF /* Release */,
			);
			defaultConfigurationIsVisible = 0;
			defaultConfigurationName = Release;
		};
		6200CDEF2510E5E8002DD5FF /* Build configuration list for PBXNativeTarget "COVID19-Tracer" */ = {
			isa = XCConfigurationList;
			buildConfigurations = (
				6200CDF02510E5E8002DD5FF /* Debug */,
				6200CDF12510E5E8002DD5FF /* Release */,
			);
			defaultConfigurationIsVisible = 0;
			defaultConfigurationName = Release;
		};
		6200CDF22510E5E8002DD5FF /* Build configuration list for PBXNativeTarget "COVID19-TracerTests" */ = {
			isa = XCConfigurationList;
			buildConfigurations = (
				6200CDF32510E5E8002DD5FF /* Debug */,
				6200CDF42510E5E8002DD5FF /* Release */,
			);
			defaultConfigurationIsVisible = 0;
			defaultConfigurationName = Release;
		};
		6200CDF52510E5E8002DD5FF /* Build configuration list for PBXNativeTarget "COVID19-TracerUITests" */ = {
			isa = XCConfigurationList;
			buildConfigurations = (
				6200CDF62510E5E8002DD5FF /* Debug */,
				6200CDF72510E5E8002DD5FF /* Release */,
			);
			defaultConfigurationIsVisible = 0;
			defaultConfigurationName = Release;
		};
/* End XCConfigurationList section */

/* Begin XCVersionGroup section */
		6200CDCE2510E5D5002DD5FF /* COVID19_Tracer.xcdatamodeld */ = {
			isa = XCVersionGroup;
			children = (
				6200CDCF2510E5D5002DD5FF /* COVID19_Tracer.xcdatamodel */,
			);
			currentVersion = 6200CDCF2510E5D5002DD5FF /* COVID19_Tracer.xcdatamodel */;
			path = COVID19_Tracer.xcdatamodeld;
			sourceTree = "<group>";
			versionGroupType = wrapper.xcdatamodel;
		};
/* End XCVersionGroup section */
	};
	rootObject = 6200CDB82510E5D5002DD5FF /* Project object */;
}
